
Microsoft Visual Studio Solution File, Format Version 12.00
# Visual Studio Version 16
VisualStudioVersion = 16.0.29411.108
MinimumVisualStudioVersion = 10.0.40219.1
Project("{FAE04EC0-301F-11D3-BF4B-00C04F79EFBC}") = "L8_Task_1", "L8_Task_1\L8_Task_1.csproj", "{7576ADAB-5B2B-4C70-A4FF-5237E76797A2}"
EndProject
Project("{FAE04EC0-301F-11D3-BF4B-00C04F79EFBC}") = "L8_Task_2", "L8_Task_2\L8_Task_2.csproj", "{2D08B0E1-7AFA-4FE0-A87A-E62A57206120}"
EndProject
Project("{FAE04EC0-301F-11D3-BF4B-00C04F79EFBC}") = "L8_Task_3", "L8_Task_3\L8_Task_3.csproj", "{952D9F0C-EF2B-4912-9758-373A5E9C3392}"
EndProject
Global
	GlobalSection(SolutionConfigurationPlatforms) = preSolution
		Debug|Any CPU = Debug|Any CPU
		Release|Any CPU = Release|Any CPU
	EndGlobalSection
	GlobalSection(ProjectConfigurationPlatforms) = postSolution
		{7576ADAB-5B2B-4C70-A4FF-5237E76797A2}.Debug|Any CPU.ActiveCfg = Debug|Any CPU
		{7576ADAB-5B2B-4C70-A4FF-5237E76797A2}.Debug|Any CPU.Build.0 = Debug|Any CPU
		{7576ADAB-5B2B-4C70-A4FF-5237E76797A2}.Release|Any CPU.ActiveCfg = Release|Any CPU
		{7576ADAB-5B2B-4C70-A4FF-5237E76797A2}.Release|Any CPU.Build.0 = Release|Any CPU
		{2D08B0E1-7AFA-4FE0-A87A-E62A57206120}.Debug|Any CPU.ActiveCfg = Debug|Any CPU
		{2D08B0E1-7AFA-4FE0-A87A-E62A57206120}.Debug|Any CPU.Build.0 = Debug|Any CPU
		{2D08B0E1-7AFA-4FE0-A87A-E62A57206120}.Release|Any CPU.ActiveCfg = Release|Any CPU
		{2D08B0E1-7AFA-4FE0-A87A-E62A57206120}.Release|Any CPU.Build.0 = Release|Any CPU
		{952D9F0C-EF2B-4912-9758-373A5E9C3392}.Debug|Any CPU.ActiveCfg = Debug|Any CPU
		{952D9F0C-EF2B-4912-9758-373A5E9C3392}.Debug|Any CPU.Build.0 = Debug|Any CPU
		{952D9F0C-EF2B-4912-9758-373A5E9C3392}.Release|Any CPU.ActiveCfg = Release|Any CPU
		{952D9F0C-EF2B-4912-9758-373A5E9C3392}.Release|Any CPU.Build.0 = Release|Any CPU
	EndGlobalSection
	GlobalSection(SolutionProperties) = preSolution
		HideSolutionNode = FALSE
	EndGlobalSection
	GlobalSection(ExtensibilityGlobals) = postSolution
		SolutionGuid = {8CECB310-B6E6-427A-B57E-8EA20D507AF7}
	EndGlobalSection
EndGlobal
